
Microsoft Visual Studio Solution File, Format Version 12.00
# Visual Studio 15
VisualStudioVersion = 15.0.28307.1401
MinimumVisualStudioVersion = 10.0.40219.1
Project("{FAE04EC0-301F-11D3-BF4B-00C04F79EFBC}") = "FaceDetection", "FaceDetection\FaceDetection.csproj", "{D6ABC85E-5675-485D-8AE2-43709D6EFF42}"
EndProject
Global
	GlobalSection(SolutionConfigurationPlatforms) = preSolution
		Debug|Any CPU = Debug|Any CPU
		Release|Any CPU = Release|Any CPU
	EndGlobalSection
	GlobalSection(ProjectConfigurationPlatforms) = postSolution
		{D6ABC85E-5675-485D-8AE2-43709D6EFF42}.Debug|Any CPU.ActiveCfg = Debug|Any CPU
		{D6ABC85E-5675-485D-8AE2-43709D6EFF42}.Debug|Any CPU.Build.0 = Debug|Any CPU
		{D6ABC85E-5675-485D-8AE2-43709D6EFF42}.Release|Any CPU.ActiveCfg = Release|Any CPU
		{D6ABC85E-5675-485D-8AE2-43709D6EFF42}.Release|Any CPU.Build.0 = Release|Any CPU
	EndGlobalSection
	GlobalSection(SolutionProperties) = preSolution
		HideSolutionNode = FALSE
	EndGlobalSection
	GlobalSection(ExtensibilityGlobals) = postSolution
		SolutionGuid = {0513752C-6E58-4C9C-81BF-D676A7827E5F}
	EndGlobalSection
EndGlobal
